// !$*UTF8*$!
{
	archiveVersion = 1;
	classes = {
	};
	objectVersion = 77;
	objects = {

/* Begin PBXBuildFile section */
		3F08C9C82E7493DF00D198CB /* WaitWhile in Frameworks */ = {isa = PBXBuildFile; productRef = 3F08C9C72E7493DF00D198CB /* WaitWhile */; };
		3F331C2D2E54BCEB009F15B4 /* SnapshotTesting in Frameworks */ = {isa = PBXBuildFile; productRef = 3F331C2C2E54BCEB009F15B4 /* SnapshotTesting */; };
		3F5E23032E4BDE0C00449714 /* Algorithms in Frameworks */ = {isa = PBXBuildFile; productRef = 3F5E23022E4BDE0C00449714 /* Algorithms */; };
		3FD7335E2E7C8A3700C33469 /* Powers.icon in Resources */ = {isa = PBXBuildFile; fileRef = 3FD7335D2E7C8A3700C33469 /* Powers.icon */; };
/* End PBXBuildFile section */

/* Begin PBXContainerItemProxy section */
		3FAEED8F2E53DD210073EC6D /* PBXContainerItemProxy */ = {
			isa = PBXContainerItemProxy;
			containerPortal = 3FE514D42E47C5510082C44E /* Project object */;
			proxyType = 1;
			remoteGlobalIDString = 3FE514DB2E47C5510082C44E;
			remoteInfo = TwoFiftySix;
		};
/* End PBXContainerItemProxy section */

/* Begin PBXFileReference section */
		3FAEED8B2E53DD210073EC6D /* TwoFiftySixTests.xctest */ = {isa = PBXFileReference; explicitFileType = wrapper.cfbundle; includeInIndex = 0; path = TwoFiftySixTests.xctest; sourceTree = BUILT_PRODUCTS_DIR; };
		3FAEED982E53DD900073EC6D /* TwoFiftySix.xctestplan */ = {isa = PBXFileReference; lastKnownFileType = text; path = TwoFiftySix.xctestplan; sourceTree = "<group>"; };
		3FD7335D2E7C8A3700C33469 /* Powers.icon */ = {isa = PBXFileReference; lastKnownFileType = folder.iconcomposer.icon; path = Powers.icon; sourceTree = "<group>"; };
		3FE514DC2E47C5510082C44E /* TwoFiftySix.app */ = {isa = PBXFileReference; explicitFileType = wrapper.application; includeInIndex = 0; path = TwoFiftySix.app; sourceTree = BUILT_PRODUCTS_DIR; };
/* End PBXFileReference section */

/* Begin PBXFileSystemSynchronizedBuildFileExceptionSet section */
		3FE514EE2E47C5520082C44E /* Exceptions for "TwoFiftySix" folder in "TwoFiftySix" target */ = {
			isa = PBXFileSystemSynchronizedBuildFileExceptionSet;
			membershipExceptions = (
				Info.plist,
				TwoToTheN.svg,
			);
			target = 3FE514DB2E47C5510082C44E /* TwoFiftySix */;
		};
/* End PBXFileSystemSynchronizedBuildFileExceptionSet section */

/* Begin PBXFileSystemSynchronizedRootGroup section */
		3FAEED8C2E53DD210073EC6D /* TwoFiftySixTests */ = {
			isa = PBXFileSystemSynchronizedRootGroup;
			path = TwoFiftySixTests;
			sourceTree = "<group>";
		};
		3FE514DE2E47C5510082C44E /* TwoFiftySix */ = {
			isa = PBXFileSystemSynchronizedRootGroup;
			exceptions = (
				3FE514EE2E47C5520082C44E /* Exceptions for "TwoFiftySix" folder in "TwoFiftySix" target */,
			);
			explicitFolders = (
				Help/helppix,
			);
			path = TwoFiftySix;
			sourceTree = "<group>";
		};
/* End PBXFileSystemSynchronizedRootGroup section */

/* Begin PBXFrameworksBuildPhase section */
		3FAEED882E53DD210073EC6D /* Frameworks */ = {
			isa = PBXFrameworksBuildPhase;
			buildActionMask = 2147483647;
			files = (
				3F331C2D2E54BCEB009F15B4 /* SnapshotTesting in Frameworks */,
				3F08C9C82E7493DF00D198CB /* WaitWhile in Frameworks */,
			);
			runOnlyForDeploymentPostprocessing = 0;
		};
		3FE514D92E47C5510082C44E /* Frameworks */ = {
			isa = PBXFrameworksBuildPhase;
			buildActionMask = 2147483647;
			files = (
				3F5E23032E4BDE0C00449714 /* Algorithms in Frameworks */,
			);
			runOnlyForDeploymentPostprocessing = 0;
		};
/* End PBXFrameworksBuildPhase section */

/* Begin PBXGroup section */
		3FE514D32E47C5510082C44E = {
			isa = PBXGroup;
			children = (
				3FD7335D2E7C8A3700C33469 /* Powers.icon */,
				3FAEED982E53DD900073EC6D /* TwoFiftySix.xctestplan */,
				3FE514DE2E47C5510082C44E /* TwoFiftySix */,
				3FAEED8C2E53DD210073EC6D /* TwoFiftySixTests */,
				3FE514DD2E47C5510082C44E /* Products */,
			);
			sourceTree = "<group>";
		};
		3FE514DD2E47C5510082C44E /* Products */ = {
			isa = PBXGroup;
			children = (
				3FE514DC2E47C5510082C44E /* TwoFiftySix.app */,
				3FAEED8B2E53DD210073EC6D /* TwoFiftySixTests.xctest */,
			);
			name = Products;
			sourceTree = "<group>";
		};
/* End PBXGroup section */

/* Begin PBXNativeTarget section */
		3FAEED8A2E53DD210073EC6D /* TwoFiftySixTests */ = {
			isa = PBXNativeTarget;
			buildConfigurationList = 3FAEED932E53DD210073EC6D /* Build configuration list for PBXNativeTarget "TwoFiftySixTests" */;
			buildPhases = (
				3FAEED872E53DD210073EC6D /* Sources */,
				3FAEED882E53DD210073EC6D /* Frameworks */,
				3FAEED892E53DD210073EC6D /* Resources */,
			);
			buildRules = (
			);
			dependencies = (
				3FAEED902E53DD210073EC6D /* PBXTargetDependency */,
			);
			fileSystemSynchronizedGroups = (
				3FAEED8C2E53DD210073EC6D /* TwoFiftySixTests */,
			);
			name = TwoFiftySixTests;
			packageProductDependencies = (
				3F331C2C2E54BCEB009F15B4 /* SnapshotTesting */,
				3F08C9C72E7493DF00D198CB /* WaitWhile */,
			);
			productName = TwoFiftySixTests;
			productReference = 3FAEED8B2E53DD210073EC6D /* TwoFiftySixTests.xctest */;
			productType = "com.apple.product-type.bundle.unit-test";
		};
		3FE514DB2E47C5510082C44E /* TwoFiftySix */ = {
			isa = PBXNativeTarget;
			buildConfigurationList = 3FE514EF2E47C5520082C44E /* Build configuration list for PBXNativeTarget "TwoFiftySix" */;
			buildPhases = (
				3FE514D82E47C5510082C44E /* Sources */,
				3FE514D92E47C5510082C44E /* Frameworks */,
				3FE514DA2E47C5510082C44E /* Resources */,
			);
			buildRules = (
			);
			dependencies = (
			);
			fileSystemSynchronizedGroups = (
				3FE514DE2E47C5510082C44E /* TwoFiftySix */,
			);
			name = TwoFiftySix;
			packageProductDependencies = (
				3F5E23022E4BDE0C00449714 /* Algorithms */,
			);
			productName = TwoFiftySix;
			productReference = 3FE514DC2E47C5510082C44E /* TwoFiftySix.app */;
			productType = "com.apple.product-type.application";
		};
/* End PBXNativeTarget section */

/* Begin PBXProject section */
		3FE514D42E47C5510082C44E /* Project object */ = {
			isa = PBXProject;
			attributes = {
				BuildIndependentTargetsInParallel = 1;
				LastSwiftUpdateCheck = 1640;
				LastUpgradeCheck = 2600;
				TargetAttributes = {
					3FAEED8A2E53DD210073EC6D = {
						CreatedOnToolsVersion = 16.4;
						LastSwiftMigration = 1640;
						TestTargetID = 3FE514DB2E47C5510082C44E;
					};
					3FE514DB2E47C5510082C44E = {
						CreatedOnToolsVersion = 16.4;
					};
				};
			};
			buildConfigurationList = 3FE514D72E47C5510082C44E /* Build configuration list for PBXProject "TwoFiftySix" */;
			developmentRegion = en;
			hasScannedForEncodings = 0;
			knownRegions = (
				en,
				Base,
			);
			mainGroup = 3FE514D32E47C5510082C44E;
			minimizedProjectReferenceProxies = 1;
			packageReferences = (
				3F5E23012E4BDE0C00449714 /* XCRemoteSwiftPackageReference "swift-algorithms" */,
				3F331C2B2E54BCEB009F15B4 /* XCRemoteSwiftPackageReference "swift-snapshot-testing" */,
				3F08C9C62E7493DF00D198CB /* XCRemoteSwiftPackageReference "WaitWhile" */,
			);
			preferredProjectObjectVersion = 77;
			productRefGroup = 3FE514DD2E47C5510082C44E /* Products */;
			projectDirPath = "";
			projectRoot = "";
			targets = (
				3FE514DB2E47C5510082C44E /* TwoFiftySix */,
				3FAEED8A2E53DD210073EC6D /* TwoFiftySixTests */,
			);
		};
/* End PBXProject section */

/* Begin PBXResourcesBuildPhase section */
		3FAEED892E53DD210073EC6D /* Resources */ = {
			isa = PBXResourcesBuildPhase;
			buildActionMask = 2147483647;
			files = (
			);
			runOnlyForDeploymentPostprocessing = 0;
		};
		3FE514DA2E47C5510082C44E /* Resources */ = {
			isa = PBXResourcesBuildPhase;
			buildActionMask = 2147483647;
			files = (
				3FD7335E2E7C8A3700C33469 /* Powers.icon in Resources */,
			);
			runOnlyForDeploymentPostprocessing = 0;
		};
/* End PBXResourcesBuildPhase section */

/* Begin PBXSourcesBuildPhase section */
		3FAEED872E53DD210073EC6D /* Sources */ = {
			isa = PBXSourcesBuildPhase;
			buildActionMask = 2147483647;
			files = (
			);
			runOnlyForDeploymentPostprocessing = 0;
		};
		3FE514D82E47C5510082C44E /* Sources */ = {
			isa = PBXSourcesBuildPhase;
			buildActionMask = 2147483647;
			files = (
			);
			runOnlyForDeploymentPostprocessing = 0;
		};
/* End PBXSourcesBuildPhase section */

/* Begin PBXTargetDependency section */
		3FAEED902E53DD210073EC6D /* PBXTargetDependency */ = {
			isa = PBXTargetDependency;
			target = 3FE514DB2E47C5510082C44E /* TwoFiftySix */;
			targetProxy = 3FAEED8F2E53DD210073EC6D /* PBXContainerItemProxy */;
		};
/* End PBXTargetDependency section */

/* Begin XCBuildConfiguration section */
		3FAEED912E53DD210073EC6D /* Debug */ = {
			isa = XCBuildConfiguration;
			buildSettings = {
				BUNDLE_LOADER = "$(TEST_HOST)";
				CLANG_ENABLE_MODULES = YES;
				CODE_SIGN_STYLE = Automatic;
				CURRENT_PROJECT_VERSION = 1;
				DEVELOPMENT_TEAM = W3LHX5RGV2;
				GENERATE_INFOPLIST_FILE = YES;
				IPHONEOS_DEPLOYMENT_TARGET = 26.0;
				MARKETING_VERSION = 1.0;
				PRODUCT_BUNDLE_IDENTIFIER = com.neuburg.matt.TwoFiftySixTests;
				PRODUCT_NAME = "$(TARGET_NAME)";
				SWIFT_APPROACHABLE_CONCURRENCY = YES;
				SWIFT_DEFAULT_ACTOR_ISOLATION = MainActor;
				SWIFT_EMIT_LOC_STRINGS = NO;
				SWIFT_OPTIMIZATION_LEVEL = "-Onone";
				SWIFT_VERSION = 6.0;
				TARGETED_DEVICE_FAMILY = "1,2";
				TEST_HOST = "$(BUILT_PRODUCTS_DIR)/TwoFiftySix.app/$(BUNDLE_EXECUTABLE_FOLDER_PATH)/TwoFiftySix";
			};
			name = Debug;
		};
		3FAEED922E53DD210073EC6D /* Release */ = {
			isa = XCBuildConfiguration;
			buildSettings = {
				BUNDLE_LOADER = "$(TEST_HOST)";
				CLANG_ENABLE_MODULES = YES;
				CODE_SIGN_STYLE = Automatic;
				CURRENT_PROJECT_VERSION = 1;
				DEVELOPMENT_TEAM = W3LHX5RGV2;
				GENERATE_INFOPLIST_FILE = YES;
				IPHONEOS_DEPLOYMENT_TARGET = 26.0;
				MARKETING_VERSION = 1.0;
				PRODUCT_BUNDLE_IDENTIFIER = com.neuburg.matt.TwoFiftySixTests;
				PRODUCT_NAME = "$(TARGET_NAME)";
				SWIFT_APPROACHABLE_CONCURRENCY = YES;
				SWIFT_DEFAULT_ACTOR_ISOLATION = MainActor;
				SWIFT_EMIT_LOC_STRINGS = NO;
				SWIFT_VERSION = 6.0;
				TARGETED_DEVICE_FAMILY = "1,2";
				TEST_HOST = "$(BUILT_PRODUCTS_DIR)/TwoFiftySix.app/$(BUNDLE_EXECUTABLE_FOLDER_PATH)/TwoFiftySix";
			};
			name = Release;
		};
		3FE514F02E47C5520082C44E /* Debug */ = {
			isa = XCBuildConfiguration;
			buildSettings = {
				ASSETCATALOG_COMPILER_APPICON_NAME = Powers;
				ASSETCATALOG_COMPILER_GLOBAL_ACCENT_COLOR_NAME = AccentColor;
				ASSETCATALOG_COMPILER_INCLUDE_ALL_APPICON_ASSETS = NO;
				CODE_SIGN_STYLE = Automatic;
				CURRENT_PROJECT_VERSION = 2;
				DEVELOPMENT_TEAM = W3LHX5RGV2;
				GENERATE_INFOPLIST_FILE = YES;
				INFOPLIST_FILE = TwoFiftySix/Info.plist;
				INFOPLIST_KEY_CFBundleDisplayName = "2 to the N";
				INFOPLIST_KEY_LSApplicationCategoryType = "public.app-category.kids-games";
				INFOPLIST_KEY_UIApplicationSupportsIndirectInputEvents = YES;
				INFOPLIST_KEY_UILaunchStoryboardName = LaunchScreen.storyboard;
				INFOPLIST_KEY_UISupportedInterfaceOrientations = UIInterfaceOrientationPortrait;
				INFOPLIST_KEY_UISupportedInterfaceOrientations_iPad = "UIInterfaceOrientationLandscapeLeft UIInterfaceOrientationLandscapeRight UIInterfaceOrientationPortrait UIInterfaceOrientationPortraitUpsideDown";
				IPHONEOS_DEPLOYMENT_TARGET = 26.0;
				LD_RUNPATH_SEARCH_PATHS = (
					"$(inherited)",
					"@executable_path/Frameworks",
				);
				MARKETING_VERSION = 1.0;
				PRODUCT_BUNDLE_IDENTIFIER = com.neuburg.matt.TwoFiftySix;
				PRODUCT_NAME = "$(TARGET_NAME)";
				SWIFT_APPROACHABLE_CONCURRENCY = YES;
				SWIFT_DEFAULT_ACTOR_ISOLATION = MainActor;
				SWIFT_EMIT_LOC_STRINGS = YES;
				SWIFT_VERSION = 6.0;
				TARGETED_DEVICE_FAMILY = 1;
			};
			name = Debug;
		};
		3FE514F12E47C5520082C44E /* Release */ = {
			isa = XCBuildConfiguration;
			buildSettings = {
				ASSETCATALOG_COMPILER_APPICON_NAME = Powers;
				ASSETCATALOG_COMPILER_GLOBAL_ACCENT_COLOR_NAME = AccentColor;
				ASSETCATALOG_COMPILER_INCLUDE_ALL_APPICON_ASSETS = NO;
				CODE_SIGN_STYLE = Automatic;
				CURRENT_PROJECT_VERSION = 2;
				DEVELOPMENT_TEAM = W3LHX5RGV2;
				GENERATE_INFOPLIST_FILE = YES;
				INFOPLIST_FILE = TwoFiftySix/Info.plist;
				INFOPLIST_KEY_CFBundleDisplayName = "2 to the N";
				INFOPLIST_KEY_LSApplicationCategoryType = "public.app-category.kids-games";
				INFOPLIST_KEY_UIApplicationSupportsIndirectInputEvents = YES;
				INFOPLIST_KEY_UILaunchStoryboardName = LaunchScreen.storyboard;
				INFOPLIST_KEY_UISupportedInterfaceOrientations = UIInterfaceOrientationPortrait;
				INFOPLIST_KEY_UISupportedInterfaceOrientations_iPad = "UIInterfaceOrientationLandscapeLeft UIInterfaceOrientationLandscapeRight UIInterfaceOrientationPortrait UIInterfaceOrientationPortraitUpsideDown";
				IPHONEOS_DEPLOYMENT_TARGET = 26.0;
				LD_RUNPATH_SEARCH_PATHS = (
					"$(inherited)",
					"@executable_path/Frameworks",
				);
				MARKETING_VERSION = 1.0;
				PRODUCT_BUNDLE_IDENTIFIER = com.neuburg.matt.TwoFiftySix;
				PRODUCT_NAME = "$(TARGET_NAME)";
				SWIFT_APPROACHABLE_CONCURRENCY = YES;
				SWIFT_DEFAULT_ACTOR_ISOLATION = MainActor;
				SWIFT_EMIT_LOC_STRINGS = YES;
				SWIFT_VERSION = 6.0;
				TARGETED_DEVICE_FAMILY = 1;
			};
			name = Release;
		};
		3FE514F22E47C5520082C44E /* Debug */ = {
			isa = XCBuildConfiguration;
			buildSettings = {
				ALWAYS_SEARCH_USER_PATHS = NO;
				ASSETCATALOG_COMPILER_GENERATE_SWIFT_ASSET_SYMBOL_EXTENSIONS = YES;
				CLANG_ANALYZER_NONNULL = YES;
				CLANG_ANALYZER_NUMBER_OBJECT_CONVERSION = YES_AGGRESSIVE;
				CLANG_CXX_LANGUAGE_STANDARD = "gnu++20";
				CLANG_ENABLE_MODULES = YES;
				CLANG_ENABLE_OBJC_ARC = YES;
				CLANG_ENABLE_OBJC_WEAK = YES;
				CLANG_WARN_BLOCK_CAPTURE_AUTORELEASING = YES;
				CLANG_WARN_BOOL_CONVERSION = YES;
				CLANG_WARN_COMMA = YES;
				CLANG_WARN_CONSTANT_CONVERSION = YES;
				CLANG_WARN_DEPRECATED_OBJC_IMPLEMENTATIONS = YES;
				CLANG_WARN_DIRECT_OBJC_ISA_USAGE = YES_ERROR;
				CLANG_WARN_DOCUMENTATION_COMMENTS = YES;
				CLANG_WARN_EMPTY_BODY = YES;
				CLANG_WARN_ENUM_CONVERSION = YES;
				CLANG_WARN_INFINITE_RECURSION = YES;
				CLANG_WARN_INT_CONVERSION = YES;
				CLANG_WARN_NON_LITERAL_NULL_CONVERSION = YES;
				CLANG_WARN_OBJC_IMPLICIT_RETAIN_SELF = YES;
				CLANG_WARN_OBJC_LITERAL_CONVERSION = YES;
				CLANG_WARN_OBJC_ROOT_CLASS = YES_ERROR;
				CLANG_WARN_QUOTED_INCLUDE_IN_FRAMEWORK_HEADER = YES;
				CLANG_WARN_RANGE_LOOP_ANALYSIS = YES;
				CLANG_WARN_STRICT_PROTOTYPES = YES;
				CLANG_WARN_SUSPICIOUS_MOVE = YES;
				CLANG_WARN_UNGUARDED_AVAILABILITY = YES_AGGRESSIVE;
				CLANG_WARN_UNREACHABLE_CODE = YES;
				CLANG_WARN__DUPLICATE_METHOD_MATCH = YES;
				COPY_PHASE_STRIP = NO;
				DEBUG_INFORMATION_FORMAT = dwarf;
				DEVELOPMENT_TEAM = W3LHX5RGV2;
				ENABLE_STRICT_OBJC_MSGSEND = YES;
				ENABLE_TESTABILITY = YES;
				ENABLE_USER_SCRIPT_SANDBOXING = YES;
				GCC_C_LANGUAGE_STANDARD = gnu17;
				GCC_DYNAMIC_NO_PIC = NO;
				GCC_NO_COMMON_BLOCKS = YES;
				GCC_OPTIMIZATION_LEVEL = 0;
				GCC_PREPROCESSOR_DEFINITIONS = (
					"DEBUG=1",
					"$(inherited)",
				);
				GCC_WARN_64_TO_32_BIT_CONVERSION = YES;
				GCC_WARN_ABOUT_RETURN_TYPE = YES_ERROR;
				GCC_WARN_UNDECLARED_SELECTOR = YES;
				GCC_WARN_UNINITIALIZED_AUTOS = YES_AGGRESSIVE;
				GCC_WARN_UNUSED_FUNCTION = YES;
				GCC_WARN_UNUSED_VARIABLE = YES;
				INFOPLIST_KEY_CFBundleDisplayName = "Powers of 2";
				IPHONEOS_DEPLOYMENT_TARGET = 18.5;
				LOCALIZATION_PREFERS_STRING_CATALOGS = YES;
				MTL_ENABLE_DEBUG_INFO = INCLUDE_SOURCE;
				MTL_FAST_MATH = YES;
				ONLY_ACTIVE_ARCH = YES;
				SDKROOT = iphoneos;
				STRING_CATALOG_GENERATE_SYMBOLS = YES;
				SWIFT_ACTIVE_COMPILATION_CONDITIONS = "DEBUG $(inherited)";
				SWIFT_OPTIMIZATION_LEVEL = "-Onone";
			};
			name = Debug;
		};
		3FE514F32E47C5520082C44E /* Release */ = {
			isa = XCBuildConfiguration;
			buildSettings = {
				ALWAYS_SEARCH_USER_PATHS = NO;
				ASSETCATALOG_COMPILER_GENERATE_SWIFT_ASSET_SYMBOL_EXTENSIONS = YES;
				CLANG_ANALYZER_NONNULL = YES;
				CLANG_ANALYZER_NUMBER_OBJECT_CONVERSION = YES_AGGRESSIVE;
				CLANG_CXX_LANGUAGE_STANDARD = "gnu++20";
				CLANG_ENABLE_MODULES = YES;
				CLANG_ENABLE_OBJC_ARC = YES;
				CLANG_ENABLE_OBJC_WEAK = YES;
				CLANG_WARN_BLOCK_CAPTURE_AUTORELEASING = YES;
				CLANG_WARN_BOOL_CONVERSION = YES;
				CLANG_WARN_COMMA = YES;
				CLANG_WARN_CONSTANT_CONVERSION = YES;
				CLANG_WARN_DEPRECATED_OBJC_IMPLEMENTATIONS = YES;
				CLANG_WARN_DIRECT_OBJC_ISA_USAGE = YES_ERROR;
				CLANG_WARN_DOCUMENTATION_COMMENTS = YES;
				CLANG_WARN_EMPTY_BODY = YES;
				CLANG_WARN_ENUM_CONVERSION = YES;
				CLANG_WARN_INFINITE_RECURSION = YES;
				CLANG_WARN_INT_CONVERSION = YES;
				CLANG_WARN_NON_LITERAL_NULL_CONVERSION = YES;
				CLANG_WARN_OBJC_IMPLICIT_RETAIN_SELF = YES;
				CLANG_WARN_OBJC_LITERAL_CONVERSION = YES;
				CLANG_WARN_OBJC_ROOT_CLASS = YES_ERROR;
				CLANG_WARN_QUOTED_INCLUDE_IN_FRAMEWORK_HEADER = YES;
				CLANG_WARN_RANGE_LOOP_ANALYSIS = YES;
				CLANG_WARN_STRICT_PROTOTYPES = YES;
				CLANG_WARN_SUSPICIOUS_MOVE = YES;
				CLANG_WARN_UNGUARDED_AVAILABILITY = YES_AGGRESSIVE;
				CLANG_WARN_UNREACHABLE_CODE = YES;
				CLANG_WARN__DUPLICATE_METHOD_MATCH = YES;
				COPY_PHASE_STRIP = NO;
				DEBUG_INFORMATION_FORMAT = "dwarf-with-dsym";
				DEVELOPMENT_TEAM = W3LHX5RGV2;
				ENABLE_NS_ASSERTIONS = NO;
				ENABLE_STRICT_OBJC_MSGSEND = YES;
				ENABLE_USER_SCRIPT_SANDBOXING = YES;
				GCC_C_LANGUAGE_STANDARD = gnu17;
				GCC_NO_COMMON_BLOCKS = YES;
				GCC_WARN_64_TO_32_BIT_CONVERSION = YES;
				GCC_WARN_ABOUT_RETURN_TYPE = YES_ERROR;
				GCC_WARN_UNDECLARED_SELECTOR = YES;
				GCC_WARN_UNINITIALIZED_AUTOS = YES_AGGRESSIVE;
				GCC_WARN_UNUSED_FUNCTION = YES;
				GCC_WARN_UNUSED_VARIABLE = YES;
				INFOPLIST_KEY_CFBundleDisplayName = "Powers of 2";
				IPHONEOS_DEPLOYMENT_TARGET = 18.5;
				LOCALIZATION_PREFERS_STRING_CATALOGS = YES;
				MTL_ENABLE_DEBUG_INFO = NO;
				MTL_FAST_MATH = YES;
				SDKROOT = iphoneos;
				STRING_CATALOG_GENERATE_SYMBOLS = YES;
				SWIFT_COMPILATION_MODE = wholemodule;
				VALIDATE_PRODUCT = YES;
			};
			name = Release;
		};
/* End XCBuildConfiguration section */

/* Begin XCConfigurationList section */
		3FAEED932E53DD210073EC6D /* Build configuration list for PBXNativeTarget "TwoFiftySixTests" */ = {
			isa = XCConfigurationList;
			buildConfigurations = (
				3FAEED912E53DD210073EC6D /* Debug */,
				3FAEED922E53DD210073EC6D /* Release */,
			);
			defaultConfigurationIsVisible = 0;
			defaultConfigurationName = Release;
		};
		3FE514D72E47C5510082C44E /* Build configuration list for PBXProject "TwoFiftySix" */ = {
			isa = XCConfigurationList;
			buildConfigurations = (
				3FE514F22E47C5520082C44E /* Debug */,
				3FE514F32E47C5520082C44E /* Release */,
			);
			defaultConfigurationIsVisible = 0;
			defaultConfigurationName = Release;
		};
		3FE514EF2E47C5520082C44E /* Build configuration list for PBXNativeTarget "TwoFiftySix" */ = {
			isa = XCConfigurationList;
			buildConfigurations = (
				3FE514F02E47C5520082C44E /* Debug */,
				3FE514F12E47C5520082C44E /* Release */,
			);
			defaultConfigurationIsVisible = 0;
			defaultConfigurationName = Release;
		};
/* End XCConfigurationList section */

/* Begin XCRemoteSwiftPackageReference section */
		3F08C9C62E7493DF00D198CB /* XCRemoteSwiftPackageReference "WaitWhile" */ = {
			isa = XCRemoteSwiftPackageReference;
			repositoryURL = "https://github.com/mattneub/WaitWhile";
			requirement = {
				branch = main;
				kind = branch;
			};
		};
		3F331C2B2E54BCEB009F15B4 /* XCRemoteSwiftPackageReference "swift-snapshot-testing" */ = {
			isa = XCRemoteSwiftPackageReference;
			repositoryURL = "https://github.com/pointfreeco/swift-snapshot-testing";
			requirement = {
				kind = upToNextMajorVersion;
				minimumVersion = 1.18.6;
			};
		};
		3F5E23012E4BDE0C00449714 /* XCRemoteSwiftPackageReference "swift-algorithms" */ = {
			isa = XCRemoteSwiftPackageReference;
			repositoryURL = "https://github.com/apple/swift-algorithms.git";
			requirement = {
				kind = upToNextMajorVersion;
				minimumVersion = 1.2.1;
			};
		};
/* End XCRemoteSwiftPackageReference section */

/* Begin XCSwiftPackageProductDependency section */
		3F08C9C72E7493DF00D198CB /* WaitWhile */ = {
			isa = XCSwiftPackageProductDependency;
			package = 3F08C9C62E7493DF00D198CB /* XCRemoteSwiftPackageReference "WaitWhile" */;
			productName = WaitWhile;
		};
		3F331C2C2E54BCEB009F15B4 /* SnapshotTesting */ = {
			isa = XCSwiftPackageProductDependency;
			package = 3F331C2B2E54BCEB009F15B4 /* XCRemoteSwiftPackageReference "swift-snapshot-testing" */;
			productName = SnapshotTesting;
		};
		3F5E23022E4BDE0C00449714 /* Algorithms */ = {
			isa = XCSwiftPackageProductDependency;
			package = 3F5E23012E4BDE0C00449714 /* XCRemoteSwiftPackageReference "swift-algorithms" */;
			productName = Algorithms;
		};
/* End XCSwiftPackageProductDependency section */
	};
	rootObject = 3FE514D42E47C5510082C44E /* Project object */;
}
